Microsoft Visual Studio Solution File, Format Version 12.00
# Visual Studio Version 17
VisualStudioVersion = 17.5.2.0
MinimumVisualStudioVersion = 10.0.40219.1
Project("{FAE04EC0-301F-11D3-BF4B-00C04F79EFBC}") = "ChimiMiBurrica", "ChimiMiBurrica.csproj", "{E89F6C86-9466-058D-B8BA-5B9CEEA19677}"
EndProject
Global
	GlobalSection(SolutionConfigurationPlatforms) = preSolution
		Debug|Any CPU = Debug|Any CPU
		Release|Any CPU = Release|Any CPU
	EndGlobalSection
	GlobalSection(ProjectConfigurationPlatforms) = postSolution
		{E89F6C86-9466-058D-B8BA-5B9CEEA19677}.Debug|Any CPU.ActiveCfg = Debug|Any CPU
		{E89F6C86-9466-058D-B8BA-5B9CEEA19677}.Debug|Any CPU.Build.0 = Debug|Any CPU
		{E89F6C86-9466-058D-B8BA-5B9CEEA19677}.Release|Any CPU.ActiveCfg = Release|Any CPU
		{E89F6C86-9466-058D-B8BA-5B9CEEA19677}.Release|Any CPU.Build.0 = Release|Any CPU
	EndGlobalSection
	GlobalSection(SolutionProperties) = preSolution
		HideSolutionNode = FALSE
	EndGlobalSection
	GlobalSection(ExtensibilityGlobals) = postSolution
		SolutionGuid = {5DD24C6D-AC3F-4B95-9E4E-07E95605686C}
	EndGlobalSection
EndGlobal
